
Microsoft Visual Studio Solution File, Format Version 12.00
# Visual Studio Version 17
VisualStudioVersion = 17.11.35431.28
MinimumVisualStudioVersion = 10.0.40219.1
Project("{8BC9CEB8-8B4A-11D0-8D11-00A0C91BC942}") = "Advent_of_Code_2024", "Advent_of_Code_2024.vcxproj", "{77B9687A-51F0-4275-A397-54A042428649}"
EndProject
Global
	GlobalSection(SolutionConfigurationPlatforms) = preSolution
		Debug|x64 = Debug|x64
		Release|x64 = Release|x64
	EndGlobalSection
	GlobalSection(ProjectConfigurationPlatforms) = postSolution
		{77B9687A-51F0-4275-A397-54A042428649}.Debug|x64.ActiveCfg = Debug|x64
		{77B9687A-51F0-4275-A397-54A042428649}.Debug|x64.Build.0 = Debug|x64
		{77B9687A-51F0-4275-A397-54A042428649}.Release|x64.ActiveCfg = Release|x64
		{77B9687A-51F0-4275-A397-54A042428649}.Release|x64.Build.0 = Release|x64
	EndGlobalSection
	GlobalSection(SolutionProperties) = preSolution
		HideSolutionNode = FALSE
	EndGlobalSection
	GlobalSection(ExtensibilityGlobals) = postSolution
		SolutionGuid = {651B6714-3552-4C80-8B73-202219E451A2}
	EndGlobalSection
EndGlobal
